
Microsoft Visual Studio Solution File, Format Version 12.00
# Visual Studio Version 17
VisualStudioVersion = 17.13.35825.156 d17.13
MinimumVisualStudioVersion = 10.0.40219.1
Project("{888888A0-9F3D-457C-B088-3A5042F75D52}") = "python_test", "python_test\python_test.pyproj", "{9E1CA969-10BA-4995-A430-E0ADA78F2473}"
EndProject
Global
	GlobalSection(SolutionConfigurationPlatforms) = preSolution
		Debug|Any CPU = Debug|Any CPU
		Release|Any CPU = Release|Any CPU
	EndGlobalSection
	GlobalSection(ProjectConfigurationPlatforms) = postSolution
		{9E1CA969-10BA-4995-A430-E0ADA78F2473}.Debug|Any CPU.ActiveCfg = Debug|Any CPU
		{9E1CA969-10BA-4995-A430-E0ADA78F2473}.Release|Any CPU.ActiveCfg = Release|Any CPU
	EndGlobalSection
	GlobalSection(SolutionProperties) = preSolution
		HideSolutionNode = FALSE
	EndGlobalSection
	GlobalSection(ExtensibilityGlobals) = postSolution
		SolutionGuid = {22FD906A-E17A-403E-B5CE-2BB701E1BDF7}
	EndGlobalSection
EndGlobal
